
Microsoft Visual Studio Solution File, Format Version 12.00
# Visual Studio Version 16
VisualStudioVersion = 16.0.29326.143
MinimumVisualStudioVersion = 10.0.40219.1
Project("{9A19103F-16F7-4668-BE54-9A1E7A4F7556}") = "JalenHurtsAlexaStatistics", "JalenHurtsAlexaStatistics\JalenHurtsAlexaStatistics.csproj", "{F87FAF08-89A7-426D-BF78-CAD19BCCFAEE}"
EndProject
Global
	GlobalSection(SolutionConfigurationPlatforms) = preSolution
		Debug|Any CPU = Debug|Any CPU
		Release|Any CPU = Release|Any CPU
	EndGlobalSection
	GlobalSection(ProjectConfigurationPlatforms) = postSolution
		{F87FAF08-89A7-426D-BF78-CAD19BCCFAEE}.Debug|Any CPU.ActiveCfg = Debug|Any CPU
		{F87FAF08-89A7-426D-BF78-CAD19BCCFAEE}.Debug|Any CPU.Build.0 = Debug|Any CPU
		{F87FAF08-89A7-426D-BF78-CAD19BCCFAEE}.Release|Any CPU.ActiveCfg = Release|Any CPU
		{F87FAF08-89A7-426D-BF78-CAD19BCCFAEE}.Release|Any CPU.Build.0 = Release|Any CPU
	EndGlobalSection
	GlobalSection(SolutionProperties) = preSolution
		HideSolutionNode = FALSE
	EndGlobalSection
	GlobalSection(ExtensibilityGlobals) = postSolution
		SolutionGuid = {E56C3290-3E50-4AC9-8F85-5717341BB927}
	EndGlobalSection
EndGlobal
